// !$*UTF8*$!
{
	archiveVersion = 1;
	classes = {
	};
	objectVersion = 46;
	objects = {

/* Begin PBXBuildFile section */
		4012FA4A1EA4A6510080B0DB /* MQTTFramework.framework in Frameworks */ = {isa = PBXBuildFile; fileRef = 4012FA491EA4A6510080B0DB /* MQTTFramework.framework */; };
		4012FA511EA4AAD50080B0DB /* PWProxy.h in Headers */ = {isa = PBXBuildFile; fileRef = 4012FA4F1EA4AAD50080B0DB /* PWProxy.h */; settings = {ATTRIBUTES = (Public, ); }; };
		4012FA521EA4AAD50080B0DB /* PWProxy.m in Sources */ = {isa = PBXBuildFile; fileRef = 4012FA501EA4AAD50080B0DB /* PWProxy.m */; };
		4019EF8A1E8CF8E700591E91 /* Pineapple.framework in Embed Frameworks */ = {isa = PBXBuildFile; fileRef = 4031A3AA1E88E8D80067D8ED /* Pineapple.framework */; settings = {ATTRIBUTES = (CodeSignOnCopy, RemoveHeadersOnCopy, ); }; };
		402E986D1E8B580900946178 /* Masonry.framework in Frameworks */ = {isa = PBXBuildFile; fileRef = 402E986C1E8B580900946178 /* Masonry.framework */; };
		402E98701E8B5B8500946178 /* PWDeviceCell.m in Sources */ = {isa = PBXBuildFile; fileRef = 402E986F1E8B5B8500946178 /* PWDeviceCell.m */; };
		4031A3B71E88E9750067D8ED /* Pineapple.h in Headers */ = {isa = PBXBuildFile; fileRef = 4031A3B51E88E9750067D8ED /* Pineapple.h */; settings = {ATTRIBUTES = (Public, ); }; };
		4031A3C01E88EABD0067D8ED /* main.m in Sources */ = {isa = PBXBuildFile; fileRef = 4031A3BF1E88EABD0067D8ED /* main.m */; };
		4031A3C31E88EABD0067D8ED /* AppDelegate.m in Sources */ = {isa = PBXBuildFile; fileRef = 4031A3C21E88EABD0067D8ED /* AppDelegate.m */; };
		4031A3C61E88EABD0067D8ED /* PWHomeViewController.m in Sources */ = {isa = PBXBuildFile; fileRef = 4031A3C51E88EABD0067D8ED /* PWHomeViewController.m */; };
		4031A3CB1E88EABD0067D8ED /* Assets.xcassets in Resources */ = {isa = PBXBuildFile; fileRef = 4031A3CA1E88EABD0067D8ED /* Assets.xcassets */; };
		4031A3CE1E88EABD0067D8ED /* LaunchScreen.storyboard in Resources */ = {isa = PBXBuildFile; fileRef = 4031A3CC1E88EABD0067D8ED /* LaunchScreen.storyboard */; };
		4031A3D31E88EAC20067D8ED /* Pineapple.framework in Frameworks */ = {isa = PBXBuildFile; fileRef = 4031A3AA1E88E8D80067D8ED /* Pineapple.framework */; };
		4031A3D61E88EB610067D8ED /* CocoaAsyncSocket.framework in Frameworks */ = {isa = PBXBuildFile; fileRef = 4031A3D51E88EB610067D8ED /* CocoaAsyncSocket.framework */; };
		4031A3DA1E88EC470067D8ED /* PWDevice.h in Headers */ = {isa = PBXBuildFile; fileRef = 4031A3D81E88EC470067D8ED /* PWDevice.h */; settings = {ATTRIBUTES = (Public, ); }; };
		4031A3DB1E88EC470067D8ED /* PWDevice.m in Sources */ = {isa = PBXBuildFile; fileRef = 4031A3D91E88EC470067D8ED /* PWDevice.m */; };
		403404151E8DEEC300029235 /* PWListener.h in Headers */ = {isa = PBXBuildFile; fileRef = 403404131E8DEEC300029235 /* PWListener.h */; settings = {ATTRIBUTES = (Public, ); }; };
		403404161E8DEEC300029235 /* PWListener.m in Sources */ = {isa = PBXBuildFile; fileRef = 403404141E8DEEC300029235 /* PWListener.m */; };
		403404191E8DFF8000029235 /* PWVideoCommand.m in Sources */ = {isa = PBXBuildFile; fileRef = 402E987E1E8BBE6800946178 /* PWVideoCommand.m */; };
		4034041A1E8DFF8200029235 /* PWVideoCommand.h in Headers */ = {isa = PBXBuildFile; fileRef = 402E987D1E8BBE6800946178 /* PWVideoCommand.h */; settings = {ATTRIBUTES = (Public, ); }; };
		4034041B1E8DFF8500029235 /* PWTextCommand.m in Sources */ = {isa = PBXBuildFile; fileRef = 402E987B1E8BBE5A00946178 /* PWTextCommand.m */; };
		4034041C1E8DFF8800029235 /* PWTextCommand.h in Headers */ = {isa = PBXBuildFile; fileRef = 402E987A1E8BBE5A00946178 /* PWTextCommand.h */; settings = {ATTRIBUTES = (Public, ); }; };
		40A5F84B1EA746DC0078F47C /* PWHeader.h in Headers */ = {isa = PBXBuildFile; fileRef = 40A5F8491EA746DC0078F47C /* PWHeader.h */; };
		40A5F84C1EA746DC0078F47C /* PWHeader.m in Sources */ = {isa = PBXBuildFile; fileRef = 40A5F84A1EA746DC0078F47C /* PWHeader.m */; };
		40AC06AC1E890CC0004150E2 /* PWCommand.h in Headers */ = {isa = PBXBuildFile; fileRef = 40AC06AA1E890CC0004150E2 /* PWCommand.h */; settings = {ATTRIBUTES = (Public, ); }; };
		40AC06AD1E890CC0004150E2 /* PWCommand.m in Sources */ = {isa = PBXBuildFile; fileRef = 40AC06AB1E890CC0004150E2 /* PWCommand.m */; };
		40F538191EA5C24E00B1FDC9 /* PWAddClientViewController.m in Sources */ = {isa = PBXBuildFile; fileRef = 40F538181EA5C24E00B1FDC9 /* PWAddClientViewController.m */; };
		40F538411EA612FC00B1FDC9 /* PWClient.h in Headers */ = {isa = PBXBuildFile; fileRef = 40F5383E1EA6102500B1FDC9 /* PWClient.h */; settings = {ATTRIBUTES = (Public, ); }; };
		40F538421EA612FE00B1FDC9 /* PWClient.m in Sources */ = {isa = PBXBuildFile; fileRef = 40F5383F1EA6102500B1FDC9 /* PWClient.m */; };
		40F538451EA613C300B1FDC9 /* PWAddDeviceViewController.m in Sources */ = {isa = PBXBuildFile; fileRef = 40F538441EA613C300B1FDC9 /* PWAddDeviceViewController.m */; };
		40F538491EA6201A00B1FDC9 /* PWAbility.h in Headers */ = {isa = PBXBuildFile; fileRef = 40F538461EA6201000B1FDC9 /* PWAbility.h */; settings = {ATTRIBUTES = (Public, ); }; };
		40F5384A1EA620B800B1FDC9 /* PWAbility.m in Sources */ = {isa = PBXBuildFile; fileRef = 40F538471EA6201000B1FDC9 /* PWAbility.m */; };
/* End PBXBuildFile section */

/* Begin PBXContainerItemProxy section */
		4019EF8B1E8CF8E700591E91 /* PBXContainerItemProxy */ = {
			isa = PBXContainerItemProxy;
			containerPortal = 4031A39F1E88E85A0067D8ED /* Project object */;
			proxyType = 1;
			remoteGlobalIDString = 4031A3A91E88E8D80067D8ED;
			remoteInfo = "Pineapple iOS";
		};
/* End PBXContainerItemProxy section */

/* Begin PBXCopyFilesBuildPhase section */
		4019EF8D1E8CF8E700591E91 /* Embed Frameworks */ = {
			isa = PBXCopyFilesBuildPhase;
			buildActionMask = 2147483647;
			dstPath = "";
			dstSubfolderSpec = 10;
			files = (
				4019EF8A1E8CF8E700591E91 /* Pineapple.framework in Embed Frameworks */,
			);
			name = "Embed Frameworks";
			runOnlyForDeploymentPostprocessing = 0;
		};
/* End PBXCopyFilesBuildPhase section */

/* Begin PBXFileReference section */
		4012FA491EA4A6510080B0DB /* MQTTFramework.framework */ = {isa = PBXFileReference; lastKnownFileType = wrapper.framework; name = MQTTFramework.framework; path = Carthage/Build/iOS/MQTTFramework.framework; sourceTree = "<group>"; };
		4012FA4F1EA4AAD50080B0DB /* PWProxy.h */ = {isa = PBXFileReference; fileEncoding = 4; lastKnownFileType = sourcecode.c.h; path = PWProxy.h; sourceTree = "<group>"; };
		4012FA501EA4AAD50080B0DB /* PWProxy.m */ = {isa = PBXFileReference; fileEncoding = 4; lastKnownFileType = sourcecode.c.objc; path = PWProxy.m; sourceTree = "<group>"; };
		402E986C1E8B580900946178 /* Masonry.framework */ = {isa = PBXFileReference; lastKnownFileType = wrapper.framework; name = Masonry.framework; path = Carthage/Build/iOS/Masonry.framework; sourceTree = "<group>"; };
		402E986E1E8B5B8500946178 /* PWDeviceCell.h */ = {isa = PBXFileReference; fileEncoding = 4; lastKnownFileType = sourcecode.c.h; path = PWDeviceCell.h; sourceTree = "<group>"; };
		402E986F1E8B5B8500946178 /* PWDeviceCell.m */ = {isa = PBXFileReference; fileEncoding = 4; lastKnownFileType = sourcecode.c.objc; path = PWDeviceCell.m; sourceTree = "<group>"; };
		402E987A1E8BBE5A00946178 /* PWTextCommand.h */ = {isa = PBXFileReference; fileEncoding = 4; lastKnownFileType = sourcecode.c.h; path = PWTextCommand.h; sourceTree = "<group>"; };
		402E987B1E8BBE5A00946178 /* PWTextCommand.m */ = {isa = PBXFileReference; fileEncoding = 4; lastKnownFileType = sourcecode.c.objc; path = PWTextCommand.m; sourceTree = "<group>"; };
		402E987D1E8BBE6800946178 /* PWVideoCommand.h */ = {isa = PBXFileReference; fileEncoding = 4; lastKnownFileType = sourcecode.c.h; path = PWVideoCommand.h; sourceTree = "<group>"; };
		402E987E1E8BBE6800946178 /* PWVideoCommand.m */ = {isa = PBXFileReference; fileEncoding = 4; lastKnownFileType = sourcecode.c.objc; path = PWVideoCommand.m; sourceTree = "<group>"; };
		4031A3AA1E88E8D80067D8ED /* Pineapple.framework */ = {isa = PBXFileReference; explicitFileType = wrapper.framework; includeInIndex = 0; path = Pineapple.framework; sourceTree = BUILT_PRODUCTS_DIR; };
		4031A3B41E88E9750067D8ED /* Info-iOS.plist */ = {isa = PBXFileReference; fileEncoding = 4; lastKnownFileType = text.plist.xml; path = "Info-iOS.plist"; sourceTree = "<group>"; };
		4031A3B51E88E9750067D8ED /* Pineapple.h */ = {isa = PBXFileReference; fileEncoding = 4; lastKnownFileType = sourcecode.c.h; path = Pineapple.h; sourceTree = "<group>"; };
		4031A3BC1E88EABD0067D8ED /* Pineapple iOS Example.app */ = {isa = PBXFileReference; explicitFileType = wrapper.application; includeInIndex = 0; path = "Pineapple iOS Example.app"; sourceTree = BUILT_PRODUCTS_DIR; };
		4031A3BF1E88EABD0067D8ED /* main.m */ = {isa = PBXFileReference; lastKnownFileType = sourcecode.c.objc; path = main.m; sourceTree = "<group>"; };
		4031A3C11E88EABD0067D8ED /* AppDelegate.h */ = {isa = PBXFileReference; lastKnownFileType = sourcecode.c.h; path = AppDelegate.h; sourceTree = "<group>"; };
		4031A3C21E88EABD0067D8ED /* AppDelegate.m */ = {isa = PBXFileReference; lastKnownFileType = sourcecode.c.objc; path = AppDelegate.m; sourceTree = "<group>"; };
		4031A3C41E88EABD0067D8ED /* PWHomeViewController.h */ = {isa = PBXFileReference; lastKnownFileType = sourcecode.c.h; path = PWHomeViewController.h; sourceTree = "<group>"; };
		4031A3C51E88EABD0067D8ED /* PWHomeViewController.m */ = {isa = PBXFileReference; lastKnownFileType = sourcecode.c.objc; path = PWHomeViewController.m; sourceTree = "<group>"; };
		4031A3CA1E88EABD0067D8ED /* Assets.xcassets */ = {isa = PBXFileReference; lastKnownFileType = folder.assetcatalog; path = Assets.xcassets; sourceTree = "<group>"; };
		4031A3CD1E88EABD0067D8ED /* Base */ = {isa = PBXFileReference; lastKnownFileType = file.storyboard; name = Base; path = Base.lproj/LaunchScreen.storyboard; sourceTree = "<group>"; };
		4031A3CF1E88EABD0067D8ED /* Info.plist */ = {isa = PBXFileReference; lastKnownFileType = text.plist.xml; path = Info.plist; sourceTree = "<group>"; };
		4031A3D51E88EB610067D8ED /* CocoaAsyncSocket.framework */ = {isa = PBXFileReference; lastKnownFileType = wrapper.framework; name = CocoaAsyncSocket.framework; path = Carthage/Build/iOS/CocoaAsyncSocket.framework; sourceTree = "<group>"; };
		4031A3D81E88EC470067D8ED /* PWDevice.h */ = {isa = PBXFileReference; fileEncoding = 4; lastKnownFileType = sourcecode.c.h; path = PWDevice.h; sourceTree = "<group>"; };
		4031A3D91E88EC470067D8ED /* PWDevice.m */ = {isa = PBXFileReference; fileEncoding = 4; lastKnownFileType = sourcecode.c.objc; path = PWDevice.m; sourceTree = "<group>"; };
		403404131E8DEEC300029235 /* PWListener.h */ = {isa = PBXFileReference; fileEncoding = 4; lastKnownFileType = sourcecode.c.h; path = PWListener.h; sourceTree = "<group>"; };
		403404141E8DEEC300029235 /* PWListener.m */ = {isa = PBXFileReference; fileEncoding = 4; lastKnownFileType = sourcecode.c.objc; path = PWListener.m; sourceTree = "<group>"; };
		40A5F8491EA746DC0078F47C /* PWHeader.h */ = {isa = PBXFileReference; fileEncoding = 4; lastKnownFileType = sourcecode.c.h; path = PWHeader.h; sourceTree = "<group>"; };
		40A5F84A1EA746DC0078F47C /* PWHeader.m */ = {isa = PBXFileReference; fileEncoding = 4; lastKnownFileType = sourcecode.c.objc; path = PWHeader.m; sourceTree = "<group>"; };
		40AC06AA1E890CC0004150E2 /* PWCommand.h */ = {isa = PBXFileReference; fileEncoding = 4; lastKnownFileType = sourcecode.c.h; path = PWCommand.h; sourceTree = "<group>"; };
		40AC06AB1E890CC0004150E2 /* PWCommand.m */ = {isa = PBXFileReference; fileEncoding = 4; lastKnownFileType = sourcecode.c.objc; path = PWCommand.m; sourceTree = "<group>"; };
		40F538171EA5C24E00B1FDC9 /* PWAddClientViewController.h */ = {isa = PBXFileReference; fileEncoding = 4; lastKnownFileType = sourcecode.c.h; path = PWAddClientViewController.h; sourceTree = "<group>"; };
		40F538181EA5C24E00B1FDC9 /* PWAddClientViewController.m */ = {isa = PBXFileReference; fileEncoding = 4; lastKnownFileType = sourcecode.c.objc; path = PWAddClientViewController.m; sourceTree = "<group>"; };
		40F5381A1EA5C6F100B1FDC9 /* zh-Hans */ = {isa = PBXFileReference; lastKnownFileType = text.plist.strings; name = "zh-Hans"; path = "zh-Hans.lproj/LaunchScreen.strings"; sourceTree = "<group>"; };
		40F5383E1EA6102500B1FDC9 /* PWClient.h */ = {isa = PBXFileReference; fileEncoding = 4; lastKnownFileType = sourcecode.c.h; path = PWClient.h; sourceTree = "<group>"; };
		40F5383F1EA6102500B1FDC9 /* PWClient.m */ = {isa = PBXFileReference; fileEncoding = 4; lastKnownFileType = sourcecode.c.objc; path = PWClient.m; sourceTree = "<group>"; };
		40F538431EA613C300B1FDC9 /* PWAddDeviceViewController.h */ = {isa = PBXFileReference; fileEncoding = 4; lastKnownFileType = sourcecode.c.h; path = PWAddDeviceViewController.h; sourceTree = "<group>"; };
		40F538441EA613C300B1FDC9 /* PWAddDeviceViewController.m */ = {isa = PBXFileReference; fileEncoding = 4; lastKnownFileType = sourcecode.c.objc; path = PWAddDeviceViewController.m; sourceTree = "<group>"; };
		40F538461EA6201000B1FDC9 /* PWAbility.h */ = {isa = PBXFileReference; fileEncoding = 4; lastKnownFileType = sourcecode.c.h; path = PWAbility.h; sourceTree = "<group>"; };
		40F538471EA6201000B1FDC9 /* PWAbility.m */ = {isa = PBXFileReference; fileEncoding = 4; lastKnownFileType = sourcecode.c.objc; path = PWAbility.m; sourceTree = "<group>"; };
/* End PBXFileReference section */

/* Begin PBXFrameworksBuildPhase section */
		4031A3A61E88E8D80067D8ED /* Frameworks */ = {
			isa = PBXFrameworksBuildPhase;
			buildActionMask = 2147483647;
			files = (
				4031A3D61E88EB610067D8ED /* CocoaAsyncSocket.framework in Frameworks */,
				4012FA4A1EA4A6510080B0DB /* MQTTFramework.framework in Frameworks */,
			);
			runOnlyForDeploymentPostprocessing = 0;
		};
		4031A3B91E88EABD0067D8ED /* Frameworks */ = {
			isa = PBXFrameworksBuildPhase;
			buildActionMask = 2147483647;
			files = (
				4031A3D31E88EAC20067D8ED /* Pineapple.framework in Frameworks */,
				402E986D1E8B580900946178 /* Masonry.framework in Frameworks */,
			);
			runOnlyForDeploymentPostprocessing = 0;
		};
/* End PBXFrameworksBuildPhase section */

/* Begin PBXGroup section */
		4031A39E1E88E85A0067D8ED = {
			isa = PBXGroup;
			children = (
				4031A3B31E88E9750067D8ED /* Sources */,
				4031A3BD1E88EABD0067D8ED /* Pineapple iOS Example */,
				4031A3AB1E88E8D80067D8ED /* Products */,
				4031A3D41E88EB610067D8ED /* Frameworks */,
			);
			sourceTree = "<group>";
		};
		4031A3AB1E88E8D80067D8ED /* Products */ = {
			isa = PBXGroup;
			children = (
				4031A3AA1E88E8D80067D8ED /* Pineapple.framework */,
				4031A3BC1E88EABD0067D8ED /* Pineapple iOS Example.app */,
			);
			name = Products;
			sourceTree = "<group>";
		};
		4031A3B31E88E9750067D8ED /* Sources */ = {
			isa = PBXGroup;
			children = (
				4031A3B41E88E9750067D8ED /* Info-iOS.plist */,
				4031A3B51E88E9750067D8ED /* Pineapple.h */,
				4012FA4F1EA4AAD50080B0DB /* PWProxy.h */,
				4012FA501EA4AAD50080B0DB /* PWProxy.m */,
				40F5383E1EA6102500B1FDC9 /* PWClient.h */,
				40F5383F1EA6102500B1FDC9 /* PWClient.m */,
				403404131E8DEEC300029235 /* PWListener.h */,
				403404141E8DEEC300029235 /* PWListener.m */,
				4031A3D81E88EC470067D8ED /* PWDevice.h */,
				4031A3D91E88EC470067D8ED /* PWDevice.m */,
				40F538461EA6201000B1FDC9 /* PWAbility.h */,
				40F538471EA6201000B1FDC9 /* PWAbility.m */,
				40A5F8491EA746DC0078F47C /* PWHeader.h */,
				40A5F84A1EA746DC0078F47C /* PWHeader.m */,
				40AC06AA1E890CC0004150E2 /* PWCommand.h */,
				40AC06AB1E890CC0004150E2 /* PWCommand.m */,
				402E987A1E8BBE5A00946178 /* PWTextCommand.h */,
				402E987B1E8BBE5A00946178 /* PWTextCommand.m */,
				402E987D1E8BBE6800946178 /* PWVideoCommand.h */,
				402E987E1E8BBE6800946178 /* PWVideoCommand.m */,
			);
			path = Sources;
			sourceTree = "<group>";
		};
		4031A3BD1E88EABD0067D8ED /* Pineapple iOS Example */ = {
			isa = PBXGroup;
			children = (
				4031A3CA1E88EABD0067D8ED /* Assets.xcassets */,
				4031A3CC1E88EABD0067D8ED /* LaunchScreen.storyboard */,
				4031A3CF1E88EABD0067D8ED /* Info.plist */,
				4031A3BE1E88EABD0067D8ED /* Supporting Files */,
				4031A3C11E88EABD0067D8ED /* AppDelegate.h */,
				4031A3C21E88EABD0067D8ED /* AppDelegate.m */,
				4031A3C41E88EABD0067D8ED /* PWHomeViewController.h */,
				4031A3C51E88EABD0067D8ED /* PWHomeViewController.m */,
				40F538431EA613C300B1FDC9 /* PWAddDeviceViewController.h */,
				40F538441EA613C300B1FDC9 /* PWAddDeviceViewController.m */,
				40F538171EA5C24E00B1FDC9 /* PWAddClientViewController.h */,
				40F538181EA5C24E00B1FDC9 /* PWAddClientViewController.m */,
				402E986E1E8B5B8500946178 /* PWDeviceCell.h */,
				402E986F1E8B5B8500946178 /* PWDeviceCell.m */,
			);
			path = "Pineapple iOS Example";
			sourceTree = "<group>";
		};
		4031A3BE1E88EABD0067D8ED /* Supporting Files */ = {
			isa = PBXGroup;
			children = (
				4031A3BF1E88EABD0067D8ED /* main.m */,
			);
			name = "Supporting Files";
			sourceTree = "<group>";
		};
		4031A3D41E88EB610067D8ED /* Frameworks */ = {
			isa = PBXGroup;
			children = (
				4012FA491EA4A6510080B0DB /* MQTTFramework.framework */,
				402E986C1E8B580900946178 /* Masonry.framework */,
				4031A3D51E88EB610067D8ED /* CocoaAsyncSocket.framework */,
			);
			name = Frameworks;
			sourceTree = "<group>";
		};
/* End PBXGroup section */

/* Begin PBXHeadersBuildPhase section */
		4031A3A71E88E8D80067D8ED /* Headers */ = {
			isa = PBXHeadersBuildPhase;
			buildActionMask = 2147483647;
			files = (
				40A5F84B1EA746DC0078F47C /* PWHeader.h in Headers */,
				4012FA511EA4AAD50080B0DB /* PWProxy.h in Headers */,
				4031A3B71E88E9750067D8ED /* Pineapple.h in Headers */,
				4034041A1E8DFF8200029235 /* PWVideoCommand.h in Headers */,
				40AC06AC1E890CC0004150E2 /* PWCommand.h in Headers */,
				4031A3DA1E88EC470067D8ED /* PWDevice.h in Headers */,
				4034041C1E8DFF8800029235 /* PWTextCommand.h in Headers */,
				40F538411EA612FC00B1FDC9 /* PWClient.h in Headers */,
				403404151E8DEEC300029235 /* PWListener.h in Headers */,
				40F538491EA6201A00B1FDC9 /* PWAbility.h in Headers */,
			);
			runOnlyForDeploymentPostprocessing = 0;
		};
/* End PBXHeadersBuildPhase section */

/* Begin PBXNativeTarget section */
		4031A3A91E88E8D80067D8ED /* Pineapple iOS */ = {
			isa = PBXNativeTarget;
			buildConfigurationList = 4031A3B01E88E8D80067D8ED /* Build configuration list for PBXNativeTarget "Pineapple iOS" */;
			buildPhases = (
				4031A3A51E88E8D80067D8ED /* Sources */,
				4031A3A61E88E8D80067D8ED /* Frameworks */,
				4031A3A71E88E8D80067D8ED /* Headers */,
				4031A3A81E88E8D80067D8ED /* Resources */,
			);
			buildRules = (
			);
			dependencies = (
			);
			name = "Pineapple iOS";
			productName = "Pineapple iOS";
			productReference = 4031A3AA1E88E8D80067D8ED /* Pineapple.framework */;
			productType = "com.apple.product-type.framework";
		};
		4031A3BB1E88EABD0067D8ED /* Pineapple iOS Example */ = {
			isa = PBXNativeTarget;
			buildConfigurationList = 4031A3D01E88EABD0067D8ED /* Build configuration list for PBXNativeTarget "Pineapple iOS Example" */;
			buildPhases = (
				4031A3B81E88EABD0067D8ED /* Sources */,
				4031A3B91E88EABD0067D8ED /* Frameworks */,
				4031A3BA1E88EABD0067D8ED /* Resources */,
				4031A3D71E88EB6F0067D8ED /* ShellScript */,
				4019EF8D1E8CF8E700591E91 /* Embed Frameworks */,
			);
			buildRules = (
			);
			dependencies = (
				4019EF8C1E8CF8E700591E91 /* PBXTargetDependency */,
			);
			name = "Pineapple iOS Example";
			productName = "Pineapple iOS Example";
			productReference = 4031A3BC1E88EABD0067D8ED /* Pineapple iOS Example.app */;
			productType = "com.apple.product-type.application";
		};
/* End PBXNativeTarget section */

/* Begin PBXProject section */
		4031A39F1E88E85A0067D8ED /* Project object */ = {
			isa = PBXProject;
			attributes = {
				CLASSPREFIX = PW;
				LastUpgradeCheck = 0830;
				TargetAttributes = {
					4031A3A91E88E8D80067D8ED = {
						CreatedOnToolsVersion = 8.2.1;
						DevelopmentTeam = 3NLD2967N6;
						LastSwiftMigration = 0820;
						ProvisioningStyle = Automatic;
					};
					4031A3BB1E88EABD0067D8ED = {
						CreatedOnToolsVersion = 8.2.1;
						DevelopmentTeam = 3NLD2967N6;
						ProvisioningStyle = Automatic;
					};
				};
			};
			buildConfigurationList = 4031A3A21E88E85A0067D8ED /* Build configuration list for PBXProject "Pineapple" */;
			compatibilityVersion = "Xcode 3.2";
			developmentRegion = English;
			hasScannedForEncodings = 0;
			knownRegions = (
				en,
				Base,
			);
			mainGroup = 4031A39E1E88E85A0067D8ED;
			productRefGroup = 4031A3AB1E88E8D80067D8ED /* Products */;
			projectDirPath = "";
			projectRoot = "";
			targets = (
				4031A3A91E88E8D80067D8ED /* Pineapple iOS */,
				4031A3BB1E88EABD0067D8ED /* Pineapple iOS Example */,
			);
		};
/* End PBXProject section */

/* Begin PBXResourcesBuildPhase section */
		4031A3A81E88E8D80067D8ED /* Resources */ = {
			isa = PBXResourcesBuildPhase;
			buildActionMask = 2147483647;
			files = (
			);
			runOnlyForDeploymentPostprocessing = 0;
		};
		4031A3BA1E88EABD0067D8ED /* Resources */ = {
			isa = PBXResourcesBuildPhase;
			buildActionMask = 2147483647;
			files = (
				4031A3CE1E88EABD0067D8ED /* LaunchScreen.storyboard in Resources */,
				4031A3CB1E88EABD0067D8ED /* Assets.xcassets in Resources */,
			);
			runOnlyForDeploymentPostprocessing = 0;
		};
/* End PBXResourcesBuildPhase section */

/* Begin PBXShellScriptBuildPhase section */
		4031A3D71E88EB6F0067D8ED /* ShellScript */ = {
			isa = PBXShellScriptBuildPhase;
			buildActionMask = 2147483647;
			files = (
			);
			inputPaths = (
				"$(SRCROOT)/Carthage/Build/iOS/CocoaAsyncSocket.framework",
				"$(SRCROOT)/Carthage/Build/iOS/Masonry.framework",
				"$(SRCROOT)/Carthage/Build/iOS/MQTTFramework.framework",
			);
			outputPaths = (
			);
			runOnlyForDeploymentPostprocessing = 0;
			shellPath = /bin/sh;
			shellScript = "/usr/local/bin/carthage copy-frameworks";
		};
/* End PBXShellScriptBuildPhase section */

/* Begin PBXSourcesBuildPhase section */
		4031A3A51E88E8D80067D8ED /* Sources */ = {
			isa = PBXSourcesBuildPhase;
			buildActionMask = 2147483647;
			files = (
				403404161E8DEEC300029235 /* PWListener.m in Sources */,
				40AC06AD1E890CC0004150E2 /* PWCommand.m in Sources */,
				403404191E8DFF8000029235 /* PWVideoCommand.m in Sources */,
				40F5384A1EA620B800B1FDC9 /* PWAbility.m in Sources */,
				40F538421EA612FE00B1FDC9 /* PWClient.m in Sources */,
				4034041B1E8DFF8500029235 /* PWTextCommand.m in Sources */,
				4031A3DB1E88EC470067D8ED /* PWDevice.m in Sources */,
				4012FA521EA4AAD50080B0DB /* PWProxy.m in Sources */,
				40A5F84C1EA746DC0078F47C /* PWHeader.m in Sources */,
			);
			runOnlyForDeploymentPostprocessing = 0;
		};
		4031A3B81E88EABD0067D8ED /* Sources */ = {
			isa = PBXSourcesBuildPhase;
			buildActionMask = 2147483647;
			files = (
				4031A3C61E88EABD0067D8ED /* PWHomeViewController.m in Sources */,
				40F538191EA5C24E00B1FDC9 /* PWAddClientViewController.m in Sources */,
				40F538451EA613C300B1FDC9 /* PWAddDeviceViewController.m in Sources */,
				4031A3C31E88EABD0067D8ED /* AppDelegate.m in Sources */,
				4031A3C01E88EABD0067D8ED /* main.m in Sources */,
				402E98701E8B5B8500946178 /* PWDeviceCell.m in Sources */,
			);
			runOnlyForDeploymentPostprocessing = 0;
		};
/* End PBXSourcesBuildPhase section */

/* Begin PBXTargetDependency section */
		4019EF8C1E8CF8E700591E91 /* PBXTargetDependency */ = {
			isa = PBXTargetDependency;
			target = 4031A3A91E88E8D80067D8ED /* Pineapple iOS */;
			targetProxy = 4019EF8B1E8CF8E700591E91 /* PBXContainerItemProxy */;
		};
/* End PBXTargetDependency section */

/* Begin PBXVariantGroup section */
		4031A3CC1E88EABD0067D8ED /* LaunchScreen.storyboard */ = {
			isa = PBXVariantGroup;
			children = (
				4031A3CD1E88EABD0067D8ED /* Base */,
				40F5381A1EA5C6F100B1FDC9 /* zh-Hans */,
			);
			name = LaunchScreen.storyboard;
			sourceTree = "<group>";
		};
/* End PBXVariantGroup section */

/* Begin XCBuildConfiguration section */
		4031A3A31E88E85A0067D8ED /* Debug */ = {
			isa = XCBuildConfiguration;
			buildSettings = {
				CLANG_ANALYZER_LOCALIZABILITY_NONLOCALIZED = YES;
				CLANG_WARN_BOOL_CONVERSION = YES;
				CLANG_WARN_CONSTANT_CONVERSION = YES;
				CLANG_WARN_EMPTY_BODY = YES;
				CLANG_WARN_ENUM_CONVERSION = YES;
				CLANG_WARN_INFINITE_RECURSION = YES;
				CLANG_WARN_INT_CONVERSION = YES;
				CLANG_WARN_SUSPICIOUS_MOVE = YES;
				CLANG_WARN_UNREACHABLE_CODE = YES;
				CLANG_WARN__DUPLICATE_METHOD_MATCH = YES;
				ENABLE_STRICT_OBJC_MSGSEND = YES;
				ENABLE_TESTABILITY = YES;
				GCC_NO_COMMON_BLOCKS = YES;
				GCC_WARN_64_TO_32_BIT_CONVERSION = YES;
				GCC_WARN_ABOUT_RETURN_TYPE = YES;
				GCC_WARN_UNDECLARED_SELECTOR = YES;
				GCC_WARN_UNINITIALIZED_AUTOS = YES;
				GCC_WARN_UNUSED_FUNCTION = YES;
				GCC_WARN_UNUSED_VARIABLE = YES;
				IPHONEOS_DEPLOYMENT_TARGET = 8.4;
				ONLY_ACTIVE_ARCH = YES;
			};
			name = Debug;
		};
		4031A3A41E88E85A0067D8ED /* Release */ = {
			isa = XCBuildConfiguration;
			buildSettings = {
				CLANG_ANALYZER_LOCALIZABILITY_NONLOCALIZED = YES;
				CLANG_WARN_BOOL_CONVERSION = YES;
				CLANG_WARN_CONSTANT_CONVERSION = YES;
				CLANG_WARN_EMPTY_BODY = YES;
				CLANG_WARN_ENUM_CONVERSION = YES;
				CLANG_WARN_INFINITE_RECURSION = YES;
				CLANG_WARN_INT_CONVERSION = YES;
				CLANG_WARN_SUSPICIOUS_MOVE = YES;
				CLANG_WARN_UNREACHABLE_CODE = YES;
				CLANG_WARN__DUPLICATE_METHOD_MATCH = YES;
				ENABLE_STRICT_OBJC_MSGSEND = YES;
				GCC_NO_COMMON_BLOCKS = YES;
				GCC_WARN_64_TO_32_BIT_CONVERSION = YES;
				GCC_WARN_ABOUT_RETURN_TYPE = YES;
				GCC_WARN_UNDECLARED_SELECTOR = YES;
				GCC_WARN_UNINITIALIZED_AUTOS = YES;
				GCC_WARN_UNUSED_FUNCTION = YES;
				GCC_WARN_UNUSED_VARIABLE = YES;
				IPHONEOS_DEPLOYMENT_TARGET = 8.4;
			};
			name = Release;
		};
		4031A3B11E88E8D80067D8ED /* Debug */ = {
			isa = XCBuildConfiguration;
			buildSettings = {
				ALWAYS_SEARCH_USER_PATHS = NO;
				CLANG_ALLOW_NON_MODULAR_INCLUDES_IN_FRAMEWORK_MODULES = NO;
				CLANG_ANALYZER_NONNULL = YES;
				CLANG_CXX_LANGUAGE_STANDARD = "gnu++0x";
				CLANG_CXX_LIBRARY = "libc++";
				CLANG_ENABLE_MODULES = YES;
				CLANG_ENABLE_OBJC_ARC = YES;
				CLANG_WARN_BOOL_CONVERSION = YES;
				CLANG_WARN_CONSTANT_CONVERSION = YES;
				CLANG_WARN_DIRECT_OBJC_ISA_USAGE = YES_ERROR;
				CLANG_WARN_DOCUMENTATION_COMMENTS = YES;
				CLANG_WARN_EMPTY_BODY = YES;
				CLANG_WARN_ENUM_CONVERSION = YES;
				CLANG_WARN_INFINITE_RECURSION = YES;
				CLANG_WARN_INT_CONVERSION = YES;
				CLANG_WARN_OBJC_ROOT_CLASS = YES_ERROR;
				CLANG_WARN_SUSPICIOUS_MOVE = YES;
				CLANG_WARN_UNREACHABLE_CODE = YES;
				CLANG_WARN__DUPLICATE_METHOD_MATCH = YES;
				CODE_SIGN_IDENTITY = "";
				"CODE_SIGN_IDENTITY[sdk=iphoneos*]" = "";
				COPY_PHASE_STRIP = NO;
				CURRENT_PROJECT_VERSION = 1;
				DEBUG_INFORMATION_FORMAT = dwarf;
				DEFINES_MODULE = YES;
				DEVELOPMENT_TEAM = 3NLD2967N6;
				DYLIB_COMPATIBILITY_VERSION = 1;
				DYLIB_CURRENT_VERSION = 1;
				DYLIB_INSTALL_NAME_BASE = "@rpath";
				ENABLE_STRICT_OBJC_MSGSEND = YES;
				ENABLE_TESTABILITY = YES;
				FRAMEWORK_SEARCH_PATHS = (
					"$(inherited)",
					"$(PROJECT_DIR)/Carthage/Build/iOS",
				);
				GCC_C_LANGUAGE_STANDARD = gnu99;
				GCC_DYNAMIC_NO_PIC = NO;
				GCC_NO_COMMON_BLOCKS = YES;
				GCC_OPTIMIZATION_LEVEL = 0;
				GCC_PREPROCESSOR_DEFINITIONS = (
					"DEBUG=1",
					"$(inherited)",
				);
				GCC_WARN_64_TO_32_BIT_CONVERSION = YES;
				GCC_WARN_ABOUT_RETURN_TYPE = YES_ERROR;
				GCC_WARN_UNDECLARED_SELECTOR = YES;
				GCC_WARN_UNINITIALIZED_AUTOS = YES_AGGRESSIVE;
				GCC_WARN_UNUSED_FUNCTION = YES;
				GCC_WARN_UNUSED_VARIABLE = YES;
				INFOPLIST_FILE = "$(SRCROOT)/Sources/Info-iOS.plist";
				INSTALL_PATH = "$(LOCAL_LIBRARY_DIR)/Frameworks";
				LD_RUNPATH_SEARCH_PATHS = "$(inherited) @executable_path/Frameworks @loader_path/Frameworks";
				MTL_ENABLE_DEBUG_INFO = YES;
				ONLY_ACTIVE_ARCH = YES;
				PRODUCT_BUNDLE_IDENTIFIER = "com.i-focusing.Pineapple-iOS";
				PRODUCT_NAME = Pineapple;
				SDKROOT = iphoneos;
				SKIP_INSTALL = YES;
				SWIFT_OPTIMIZATION_LEVEL = "-Onone";
				SWIFT_VERSION = 3.0;
				TARGETED_DEVICE_FAMILY = "1,2";
				VERSIONING_SYSTEM = "apple-generic";
				VERSION_INFO_PREFIX = "";
			};
			name = Debug;
		};
		4031A3B21E88E8D80067D8ED /* Release */ = {
			isa = XCBuildConfiguration;
			buildSettings = {
				ALWAYS_SEARCH_USER_PATHS = NO;
				CLANG_ALLOW_NON_MODULAR_INCLUDES_IN_FRAMEWORK_MODULES = NO;
				CLANG_ANALYZER_NONNULL = YES;
				CLANG_CXX_LANGUAGE_STANDARD = "gnu++0x";
				CLANG_CXX_LIBRARY = "libc++";
				CLANG_ENABLE_MODULES = YES;
				CLANG_ENABLE_OBJC_ARC = YES;
				CLANG_WARN_BOOL_CONVERSION = YES;
				CLANG_WARN_CONSTANT_CONVERSION = YES;
				CLANG_WARN_DIRECT_OBJC_ISA_USAGE = YES_ERROR;
				CLANG_WARN_DOCUMENTATION_COMMENTS = YES;
				CLANG_WARN_EMPTY_BODY = YES;
				CLANG_WARN_ENUM_CONVERSION = YES;
				CLANG_WARN_INFINITE_RECURSION = YES;
				CLANG_WARN_INT_CONVERSION = YES;
				CLANG_WARN_OBJC_ROOT_CLASS = YES_ERROR;
				CLANG_WARN_SUSPICIOUS_MOVE = YES;
				CLANG_WARN_UNREACHABLE_CODE = YES;
				CLANG_WARN__DUPLICATE_METHOD_MATCH = YES;
				CODE_SIGN_IDENTITY = "";
				"CODE_SIGN_IDENTITY[sdk=iphoneos*]" = "";
				COPY_PHASE_STRIP = NO;
				CURRENT_PROJECT_VERSION = 1;
				DEBUG_INFORMATION_FORMAT = "dwarf-with-dsym";
				DEFINES_MODULE = YES;
				DEVELOPMENT_TEAM = 3NLD2967N6;
				DYLIB_COMPATIBILITY_VERSION = 1;
				DYLIB_CURRENT_VERSION = 1;
				DYLIB_INSTALL_NAME_BASE = "@rpath";
				ENABLE_NS_ASSERTIONS = NO;
				ENABLE_STRICT_OBJC_MSGSEND = YES;
				FRAMEWORK_SEARCH_PATHS = (
					"$(inherited)",
					"$(PROJECT_DIR)/Carthage/Build/iOS",
				);
				GCC_C_LANGUAGE_STANDARD = gnu99;
				GCC_NO_COMMON_BLOCKS = YES;
				GCC_WARN_64_TO_32_BIT_CONVERSION = YES;
				GCC_WARN_ABOUT_RETURN_TYPE = YES_ERROR;
				GCC_WARN_UNDECLARED_SELECTOR = YES;
				GCC_WARN_UNINITIALIZED_AUTOS = YES_AGGRESSIVE;
				GCC_WARN_UNUSED_FUNCTION = YES;
				GCC_WARN_UNUSED_VARIABLE = YES;
				INFOPLIST_FILE = "$(SRCROOT)/Sources/Info-iOS.plist";
				INSTALL_PATH = "$(LOCAL_LIBRARY_DIR)/Frameworks";
				LD_RUNPATH_SEARCH_PATHS = "$(inherited) @executable_path/Frameworks @loader_path/Frameworks";
				MTL_ENABLE_DEBUG_INFO = NO;
				PRODUCT_BUNDLE_IDENTIFIER = "com.i-focusing.Pineapple-iOS";
				PRODUCT_NAME = Pineapple;
				SDKROOT = iphoneos;
				SKIP_INSTALL = YES;
				SWIFT_VERSION = 3.0;
				TARGETED_DEVICE_FAMILY = "1,2";
				VALIDATE_PRODUCT = YES;
				VERSIONING_SYSTEM = "apple-generic";
				VERSION_INFO_PREFIX = "";
			};
			name = Release;
		};
		4031A3D11E88EABD0067D8ED /* Debug */ = {
			isa = XCBuildConfiguration;
			buildSettings = {
				ALWAYS_SEARCH_USER_PATHS = NO;
				ASSETCATALOG_COMPILER_APPICON_NAME = AppIcon;
				CLANG_ANALYZER_NONNULL = YES;
				CLANG_CXX_LANGUAGE_STANDARD = "gnu++0x";
				CLANG_CXX_LIBRARY = "libc++";
				CLANG_ENABLE_MODULES = YES;
				CLANG_ENABLE_OBJC_ARC = YES;
				CLANG_WARN_BOOL_CONVERSION = YES;
				CLANG_WARN_CONSTANT_CONVERSION = YES;
				CLANG_WARN_DIRECT_OBJC_ISA_USAGE = YES_ERROR;
				CLANG_WARN_DOCUMENTATION_COMMENTS = YES;
				CLANG_WARN_EMPTY_BODY = YES;
				CLANG_WARN_ENUM_CONVERSION = YES;
				CLANG_WARN_INFINITE_RECURSION = YES;
				CLANG_WARN_INT_CONVERSION = YES;
				CLANG_WARN_OBJC_ROOT_CLASS = YES_ERROR;
				CLANG_WARN_SUSPICIOUS_MOVE = YES;
				CLANG_WARN_UNREACHABLE_CODE = YES;
				CLANG_WARN__DUPLICATE_METHOD_MATCH = YES;
				"CODE_SIGN_IDENTITY[sdk=iphoneos*]" = "iPhone Developer";
				COPY_PHASE_STRIP = NO;
				DEBUG_INFORMATION_FORMAT = dwarf;
				DEVELOPMENT_TEAM = 3NLD2967N6;
				ENABLE_STRICT_OBJC_MSGSEND = YES;
				ENABLE_TESTABILITY = YES;
				FRAMEWORK_SEARCH_PATHS = (
					"$(inherited)",
					"$(PROJECT_DIR)/Carthage/Build/iOS",
				);
				GCC_C_LANGUAGE_STANDARD = gnu99;
				GCC_DYNAMIC_NO_PIC = NO;
				GCC_NO_COMMON_BLOCKS = YES;
				GCC_OPTIMIZATION_LEVEL = 0;
				GCC_PREPROCESSOR_DEFINITIONS = (
					"DEBUG=1",
					"$(inherited)",
				);
				GCC_WARN_64_TO_32_BIT_CONVERSION = YES;
				GCC_WARN_ABOUT_RETURN_TYPE = YES_ERROR;
				GCC_WARN_UNDECLARED_SELECTOR = YES;
				GCC_WARN_UNINITIALIZED_AUTOS = YES_AGGRESSIVE;
				GCC_WARN_UNUSED_FUNCTION = YES;
				GCC_WARN_UNUSED_VARIABLE = YES;
				INFOPLIST_FILE = "Pineapple iOS Example/Info.plist";
				IPHONEOS_DEPLOYMENT_TARGET = 10.2;
				LD_RUNPATH_SEARCH_PATHS = "$(inherited) @executable_path/Frameworks";
				MTL_ENABLE_DEBUG_INFO = YES;
				ONLY_ACTIVE_ARCH = YES;
				PRODUCT_BUNDLE_IDENTIFIER = "com.i-focusing.Pineapple-iOS-Example";
				PRODUCT_NAME = "$(TARGET_NAME)";
				SDKROOT = iphoneos;
			};
			name = Debug;
		};
		4031A3D21E88EABD0067D8ED /* Release */ = {
			isa = XCBuildConfiguration;
			buildSettings = {
				ALWAYS_SEARCH_USER_PATHS = NO;
				ASSETCATALOG_COMPILER_APPICON_NAME = AppIcon;
				CLANG_ANALYZER_NONNULL = YES;
				CLANG_CXX_LANGUAGE_STANDARD = "gnu++0x";
				CLANG_CXX_LIBRARY = "libc++";
				CLANG_ENABLE_MODULES = YES;
				CLANG_ENABLE_OBJC_ARC = YES;
				CLANG_WARN_BOOL_CONVERSION = YES;
				CLANG_WARN_CONSTANT_CONVERSION = YES;
				CLANG_WARN_DIRECT_OBJC_ISA_USAGE = YES_ERROR;
				CLANG_WARN_DOCUMENTATION_COMMENTS = YES;
				CLANG_WARN_EMPTY_BODY = YES;
				CLANG_WARN_ENUM_CONVERSION = YES;
				CLANG_WARN_INFINITE_RECURSION = YES;
				CLANG_WARN_INT_CONVERSION = YES;
				CLANG_WARN_OBJC_ROOT_CLASS = YES_ERROR;
				CLANG_WARN_SUSPICIOUS_MOVE = YES;
				CLANG_WARN_UNREACHABLE_CODE = YES;
				CLANG_WARN__DUPLICATE_METHOD_MATCH = YES;
				"CODE_SIGN_IDENTITY[sdk=iphoneos*]" = "iPhone Developer";
				COPY_PHASE_STRIP = NO;
				DEBUG_INFORMATION_FORMAT = "dwarf-with-dsym";
				DEVELOPMENT_TEAM = 3NLD2967N6;
				ENABLE_NS_ASSERTIONS = NO;
				ENABLE_STRICT_OBJC_MSGSEND = YES;
				FRAMEWORK_SEARCH_PATHS = (
					"$(inherited)",
					"$(PROJECT_DIR)/Carthage/Build/iOS",
				);
				GCC_C_LANGUAGE_STANDARD = gnu99;
				GCC_NO_COMMON_BLOCKS = YES;
				GCC_WARN_64_TO_32_BIT_CONVERSION = YES;
				GCC_WARN_ABOUT_RETURN_TYPE = YES_ERROR;
				GCC_WARN_UNDECLARED_SELECTOR = YES;
				GCC_WARN_UNINITIALIZED_AUTOS = YES_AGGRESSIVE;
				GCC_WARN_UNUSED_FUNCTION = YES;
				GCC_WARN_UNUSED_VARIABLE = YES;
				INFOPLIST_FILE = "Pineapple iOS Example/Info.plist";
				IPHONEOS_DEPLOYMENT_TARGET = 10.2;
				LD_RUNPATH_SEARCH_PATHS = "$(inherited) @executable_path/Frameworks";
				MTL_ENABLE_DEBUG_INFO = NO;
				PRODUCT_BUNDLE_IDENTIFIER = "com.i-focusing.Pineapple-iOS-Example";
				PRODUCT_NAME = "$(TARGET_NAME)";
				SDKROOT = iphoneos;
				VALIDATE_PRODUCT = YES;
			};
			name = Release;
		};
/* End XCBuildConfiguration section */

/* Begin XCConfigurationList section */
		4031A3A21E88E85A0067D8ED /* Build configuration list for PBXProject "Pineapple" */ = {
			isa = XCConfigurationList;
			buildConfigurations = (
				4031A3A31E88E85A0067D8ED /* Debug */,
				4031A3A41E88E85A0067D8ED /* Release */,
			);
			defaultConfigurationIsVisible = 0;
			defaultConfigurationName = Release;
		};
		4031A3B01E88E8D80067D8ED /* Build configuration list for PBXNativeTarget "Pineapple iOS" */ = {
			isa = XCConfigurationList;
			buildConfigurations = (
				4031A3B11E88E8D80067D8ED /* Debug */,
				4031A3B21E88E8D80067D8ED /* Release */,
			);
			defaultConfigurationIsVisible = 0;
			defaultConfigurationName = Release;
		};
		4031A3D01E88EABD0067D8ED /* Build configuration list for PBXNativeTarget "Pineapple iOS Example" */ = {
			isa = XCConfigurationList;
			buildConfigurations = (
				4031A3D11E88EABD0067D8ED /* Debug */,
				4031A3D21E88EABD0067D8ED /* Release */,
			);
			defaultConfigurationIsVisible = 0;
			defaultConfigurationName = Release;
		};
/* End XCConfigurationList section */
	};
	rootObject = 4031A39F1E88E85A0067D8ED /* Project object */;
}
